{
  "name": "my-linkedin-history",
  "version": "1.0.0",
  "lockfileVersion": 3,
  "requires": true,
  "packages": {
    "": {
      "name": "my-linkedin-history",
      "version": "1.0.0",
      "license": "MIT",
      "dependencies": {
        "csv-parse": "^6.1.0",
        "jj": "^2.0.0"
      }
    },
    "../../prod/jj": {
      "version": "2.0.0",
      "extraneous": true,
      "license": "MIT",
      "dependencies": {
        "jty": "^4.0.0"
      },
      "devDependencies": {
        "@types/node": "^24.7.2",
        "esbuild": "^0.27.2",
        "prettier": "^3.6.2",
        "tsx": "^4.20.6",
        "typedoc": "^0.28.14",
        "typescript": "^5.9.3"
      }
    },
    "node_modules/csv-parse": {
      "version": "6.1.0",
      "resolved": "https://registry.npmjs.org/csv-parse/-/csv-parse-6.1.0.tgz",
      "integrity": "sha512-CEE+jwpgLn+MmtCpVcPtiCZpVtB6Z2OKPTr34pycYYoL7sxdOkXDdQ4lRiw6ioC0q6BLqhc6cKweCVvral8yhw==",
      "license": "MIT"
    },
    "node_modules/jj": {
      "version": "2.4.0",
      "resolved": "https://registry.npmjs.org/jj/-/jj-2.4.0.tgz",
      "integrity": "sha512-zOGGzYO6SHAIF/GY1+4Zi6i+GS8a3oIw+6ESnImwNSfps6ilODdj3eR4eV/nyJZg1xkXgMykav/vm0x2szUDmw==",
      "license": "MIT",
      "dependencies": {
        "jty": "^4.0.0"
      }
    },
    "node_modules/jty": {
      "version": "4.0.0",
      "resolved": "https://registry.npmjs.org/jty/-/jty-4.0.0.tgz",
      "integrity": "sha512-pi/EALtRghcgppmDzJE8NZ7BzYQCDTKX3hfQWcdSLzkP5LbzFIXfFpUMACXBAFgeBqskg6RK0KNPuwii4UPsxA==",
      "license": "MIT"
    }
  }
}
